
Microsoft Visual Studio Solution File, Format Version 12.00
# Visual Studio Version 17
VisualStudioVersion = 17.6.33815.320
MinimumVisualStudioVersion = 10.0.40219.1
Project("{FAE04EC0-301F-11D3-BF4B-00C04F79EFBC}") = "netcore+redis", "netcore+redis.csproj", "{5127AFB9-B103-4BF8-A3C8-094CC7F31A38}"
EndProject
Global
	GlobalSection(SolutionConfigurationPlatforms) = preSolution
		Debug|Any CPU = Debug|Any CPU
		Release|Any CPU = Release|Any CPU
	EndGlobalSection
	GlobalSection(ProjectConfigurationPlatforms) = postSolution
		{5127AFB9-B103-4BF8-A3C8-094CC7F31A38}.Debug|Any CPU.ActiveCfg = Debug|Any CPU
		{5127AFB9-B103-4BF8-A3C8-094CC7F31A38}.Debug|Any CPU.Build.0 = Debug|Any CPU
		{5127AFB9-B103-4BF8-A3C8-094CC7F31A38}.Release|Any CPU.ActiveCfg = Release|Any CPU
		{5127AFB9-B103-4BF8-A3C8-094CC7F31A38}.Release|Any CPU.Build.0 = Release|Any CPU
	EndGlobalSection
	GlobalSection(SolutionProperties) = preSolution
		HideSolutionNode = FALSE
	EndGlobalSection
	GlobalSection(ExtensibilityGlobals) = postSolution
		SolutionGuid = {33782BF9-4465-48AF-B48A-63AE6001F8B4}
	EndGlobalSection
EndGlobal
